
Microsoft Visual Studio Solution File, Format Version 12.00
# Visual Studio Version 17
VisualStudioVersion = 17.1.32210.238
MinimumVisualStudioVersion = 10.0.40219.1
Project("{FAE04EC0-301F-11D3-BF4B-00C04F79EFBC}") = "ProJect220022022", "ProJect220022022\ProJect220022022.csproj", "{54D8D4D5-FF33-4FD2-84FF-6AD0601756CC}"
EndProject
Global
	GlobalSection(SolutionConfigurationPlatforms) = preSolution
		Debug|Any CPU = Debug|Any CPU
		Release|Any CPU = Release|Any CPU
	EndGlobalSection
	GlobalSection(ProjectConfigurationPlatforms) = postSolution
		{54D8D4D5-FF33-4FD2-84FF-6AD0601756CC}.Debug|Any CPU.ActiveCfg = Debug|Any CPU
		{54D8D4D5-FF33-4FD2-84FF-6AD0601756CC}.Debug|Any CPU.Build.0 = Debug|Any CPU
		{54D8D4D5-FF33-4FD2-84FF-6AD0601756CC}.Release|Any CPU.ActiveCfg = Release|Any CPU
		{54D8D4D5-FF33-4FD2-84FF-6AD0601756CC}.Release|Any CPU.Build.0 = Release|Any CPU
	EndGlobalSection
	GlobalSection(SolutionProperties) = preSolution
		HideSolutionNode = FALSE
	EndGlobalSection
	GlobalSection(ExtensibilityGlobals) = postSolution
		SolutionGuid = {9BFF00D4-37CB-4D5C-A3C5-F06F8D2E2C00}
	EndGlobalSection
EndGlobal
